{
    "_readme": [
        "This file locks the dependencies of your project to a known state",
        "Read more about it at https://getcomposer.org/doc/01-basic-usage.md#composer-lock-the-lock-file",
        "This file is @generated automatically"
    ],
    "hash": "d93c666ff47560be9a950521d7373cda",
    "content-hash": "6262ca2b8726c8fbd528d9dc35afb4a8",
    "packages": [
        {
            "name": "spatie/array-to-xml",
            "version": "2.0.0",
            "source": {
                "type": "git",
                "url": "https://github.com/spatie/array-to-xml.git",
                "reference": "52c335d08b96cb18f1198ec3bb6d90b8c860923e"
            },
            "dist": {
                "type": "zip",
                "url": "https://api.github.com/repos/spatie/array-to-xml/zipball/52c335d08b96cb18f1198ec3bb6d90b8c860923e",
                "reference": "52c335d08b96cb18f1198ec3bb6d90b8c860923e",
                "shasum": ""
            },
            "require": {
                "php": ">=5.3.0"
            },
            "require-dev": {
                "mockery/mockery": "0.9.*",
                "phpunit/phpunit": "4.*",
                "scrutinizer/ocular": "~1.1"
            },
            "type": "library",
            "autoload": {
                "psr-4": {
                    "Spatie\\ArrayToXml\\": "src"
                }
            },
            "notification-url": "https://packagist.org/downloads/",
            "license": [
                "MIT"
            ],
            "authors": [
                {
                    "name": "Freek Van der Herten",
                    "email": "freek@spatie.be",
                    "homepage": "https://murze.be",
                    "role": "Developer"
                }
            ],
            "description": "Convert an array to xml",
            "homepage": "https://github.com/spatie/array-to-xml",
            "keywords": [
                "array",
                "convert",
                "xml"
            ],
            "time": "2015-10-08 17:55:17"
        }
    ],
    "packages-dev": [],
    "aliases": [],
    "minimum-stability": "stable",
    "stability-flags": [],
    "prefer-stable": false,
    "prefer-lowest": false,
    "platform": {
        "php": ">=5.3.0"
    },
    "platform-dev": []
}
